
Microsoft Visual Studio Solution File, Format Version 12.00
# Visual Studio Version 17
VisualStudioVersion = 17.14.36203.30 d17.14
MinimumVisualStudioVersion = 10.0.40219.1
Project("{FAE04EC0-301F-11D3-BF4B-00C04F79EFBC}") = "ConsoleApp1", "ConsoleApp1.csproj", "{2E8EDA32-5D95-4859-B782-C2BBDCE69929}"
EndProject
Global
	GlobalSection(SolutionConfigurationPlatforms) = preSolution
		Debug|Any CPU = Debug|Any CPU
		Release|Any CPU = Release|Any CPU
	EndGlobalSection
	GlobalSection(ProjectConfigurationPlatforms) = postSolution
		{2E8EDA32-5D95-4859-B782-C2BBDCE69929}.Debug|Any CPU.ActiveCfg = Debug|Any CPU
		{2E8EDA32-5D95-4859-B782-C2BBDCE69929}.Debug|Any CPU.Build.0 = Debug|Any CPU
		{2E8EDA32-5D95-4859-B782-C2BBDCE69929}.Release|Any CPU.ActiveCfg = Release|Any CPU
		{2E8EDA32-5D95-4859-B782-C2BBDCE69929}.Release|Any CPU.Build.0 = Release|Any CPU
	EndGlobalSection
	GlobalSection(SolutionProperties) = preSolution
		HideSolutionNode = FALSE
	EndGlobalSection
	GlobalSection(ExtensibilityGlobals) = postSolution
		SolutionGuid = {F279293A-4D99-4951-9B4F-6E9BAC93DF2C}
	EndGlobalSection
EndGlobal
